// !$*UTF8*$!
{
	archiveVersion = 1;
	classes = {
	};
	objectVersion = 50;
	objects = {

/* Begin PBXBuildFile section */
		AC85108F2418DC0C0083F4AC /* AppDelegate.swift in Sources */ = {isa = PBXBuildFile; fileRef = AC85108E2418DC0C0083F4AC /* AppDelegate.swift */; };
		AC8510912418DC0C0083F4AC /* SceneDelegate.swift in Sources */ = {isa = PBXBuildFile; fileRef = AC8510902418DC0C0083F4AC /* SceneDelegate.swift */; };
		AC8510942418DC0C0083F4AC /* TimeTracker.xcdatamodeld in Sources */ = {isa = PBXBuildFile; fileRef = AC8510922418DC0C0083F4AC /* TimeTracker.xcdatamodeld */; };
		AC8510962418DC0C0083F4AC /* ContentView.swift in Sources */ = {isa = PBXBuildFile; fileRef = AC8510952418DC0C0083F4AC /* ContentView.swift */; };
		AC8510982418DC0E0083F4AC /* Assets.xcassets in Resources */ = {isa = PBXBuildFile; fileRef = AC8510972418DC0E0083F4AC /* Assets.xcassets */; };
		AC85109B2418DC0E0083F4AC /* Preview Assets.xcassets in Resources */ = {isa = PBXBuildFile; fileRef = AC85109A2418DC0E0083F4AC /* Preview Assets.xcassets */; };
		AC85109E2418DC0E0083F4AC /* LaunchScreen.storyboard in Resources */ = {isa = PBXBuildFile; fileRef = AC85109C2418DC0E0083F4AC /* LaunchScreen.storyboard */; };
		AC8510A72418F26C0083F4AC /* Workday+CoreDataClass.swift in Sources */ = {isa = PBXBuildFile; fileRef = AC8510A52418F26C0083F4AC /* Workday+CoreDataClass.swift */; };
		AC8510A82418F26C0083F4AC /* Workday+CoreDataProperties.swift in Sources */ = {isa = PBXBuildFile; fileRef = AC8510A62418F26C0083F4AC /* Workday+CoreDataProperties.swift */; };
		AC8510AA241911420083F4AC /* WorkdaysView.swift in Sources */ = {isa = PBXBuildFile; fileRef = AC8510A9241911420083F4AC /* WorkdaysView.swift */; };
		AC8510AC24191E850083F4AC /* WorkdayCardView.swift in Sources */ = {isa = PBXBuildFile; fileRef = AC8510AB24191E850083F4AC /* WorkdayCardView.swift */; };
		AC8510AE24191FD50083F4AC /* Date+Extension.swift in Sources */ = {isa = PBXBuildFile; fileRef = AC8510AD24191FD50083F4AC /* Date+Extension.swift */; };
		ACB6791B24194E160037B75F /* SetTimeView.swift in Sources */ = {isa = PBXBuildFile; fileRef = ACB6791A24194E160037B75F /* SetTimeView.swift */; };
		ACB6793D241A08870037B75F /* ButtonStyles.swift in Sources */ = {isa = PBXBuildFile; fileRef = ACB6793C241A08870037B75F /* ButtonStyles.swift */; };
		ACB6793F241A08C70037B75F /* Color+Extensions.swift in Sources */ = {isa = PBXBuildFile; fileRef = ACB6793E241A08C70037B75F /* Color+Extensions.swift */; };
		ACB67941241A08F50037B75F /* LinearGradient+Extensions.swift in Sources */ = {isa = PBXBuildFile; fileRef = ACB67940241A08F50037B75F /* LinearGradient+Extensions.swift */; };
		ACB67943241A399E0037B75F /* TodayTimeView.swift in Sources */ = {isa = PBXBuildFile; fileRef = ACB67942241A399E0037B75F /* TodayTimeView.swift */; };
		ACB67945241C121D0037B75F /* Arc.swift in Sources */ = {isa = PBXBuildFile; fileRef = ACB67944241C121D0037B75F /* Arc.swift */; };
		ACC23BAC242D36DE006A38EC /* TimePickerView.swift in Sources */ = {isa = PBXBuildFile; fileRef = ACC23BAB242D36DE006A38EC /* TimePickerView.swift */; };
/* End PBXBuildFile section */

/* Begin PBXFileReference section */
		AC85108B2418DC0C0083F4AC /* TimeTracker.app */ = {isa = PBXFileReference; explicitFileType = wrapper.application; includeInIndex = 0; path = TimeTracker.app; sourceTree = BUILT_PRODUCTS_DIR; };
		AC85108E2418DC0C0083F4AC /* AppDelegate.swift */ = {isa = PBXFileReference; lastKnownFileType = sourcecode.swift; path = AppDelegate.swift; sourceTree = "<group>"; };
		AC8510902418DC0C0083F4AC /* SceneDelegate.swift */ = {isa = PBXFileReference; lastKnownFileType = sourcecode.swift; path = SceneDelegate.swift; sourceTree = "<group>"; };
		AC8510932418DC0C0083F4AC /* TimeTracker.xcdatamodel */ = {isa = PBXFileReference; lastKnownFileType = wrapper.xcdatamodel; path = TimeTracker.xcdatamodel; sourceTree = "<group>"; };
		AC8510952418DC0C0083F4AC /* ContentView.swift */ = {isa = PBXFileReference; lastKnownFileType = sourcecode.swift; path = ContentView.swift; sourceTree = "<group>"; };
		AC8510972418DC0E0083F4AC /* Assets.xcassets */ = {isa = PBXFileReference; lastKnownFileType = folder.assetcatalog; path = Assets.xcassets; sourceTree = "<group>"; };
		AC85109A2418DC0E0083F4AC /* Preview Assets.xcassets */ = {isa = PBXFileReference; lastKnownFileType = folder.assetcatalog; path = "Preview Assets.xcassets"; sourceTree = "<group>"; };
		AC85109D2418DC0E0083F4AC /* Base */ = {isa = PBXFileReference; lastKnownFileType = file.storyboard; name = Base; path = Base.lproj/LaunchScreen.storyboard; sourceTree = "<group>"; };
		AC85109F2418DC0E0083F4AC /* Info.plist */ = {isa = PBXFileReference; lastKnownFileType = text.plist.xml; path = Info.plist; sourceTree = "<group>"; };
		AC8510A52418F26C0083F4AC /* Workday+CoreDataClass.swift */ = {isa = PBXFileReference; lastKnownFileType = sourcecode.swift; path = "Workday+CoreDataClass.swift"; sourceTree = SOURCE_ROOT; };
		AC8510A62418F26C0083F4AC /* Workday+CoreDataProperties.swift */ = {isa = PBXFileReference; lastKnownFileType = sourcecode.swift; path = "Workday+CoreDataProperties.swift"; sourceTree = SOURCE_ROOT; };
		AC8510A9241911420083F4AC /* WorkdaysView.swift */ = {isa = PBXFileReference; lastKnownFileType = sourcecode.swift; path = WorkdaysView.swift; sourceTree = "<group>"; };
		AC8510AB24191E850083F4AC /* WorkdayCardView.swift */ = {isa = PBXFileReference; lastKnownFileType = sourcecode.swift; path = WorkdayCardView.swift; sourceTree = "<group>"; };
		AC8510AD24191FD50083F4AC /* Date+Extension.swift */ = {isa = PBXFileReference; lastKnownFileType = sourcecode.swift; path = "Date+Extension.swift"; sourceTree = "<group>"; };
		ACB6791A24194E160037B75F /* SetTimeView.swift */ = {isa = PBXFileReference; lastKnownFileType = sourcecode.swift; path = SetTimeView.swift; sourceTree = "<group>"; };
		ACB6793C241A08870037B75F /* ButtonStyles.swift */ = {isa = PBXFileReference; lastKnownFileType = sourcecode.swift; path = ButtonStyles.swift; sourceTree = "<group>"; };
		ACB6793E241A08C70037B75F /* Color+Extensions.swift */ = {isa = PBXFileReference; lastKnownFileType = sourcecode.swift; path = "Color+Extensions.swift"; sourceTree = "<group>"; };
		ACB67940241A08F50037B75F /* LinearGradient+Extensions.swift */ = {isa = PBXFileReference; lastKnownFileType = sourcecode.swift; path = "LinearGradient+Extensions.swift"; sourceTree = "<group>"; };
		ACB67942241A399E0037B75F /* TodayTimeView.swift */ = {isa = PBXFileReference; lastKnownFileType = sourcecode.swift; path = TodayTimeView.swift; sourceTree = "<group>"; };
		ACB67944241C121D0037B75F /* Arc.swift */ = {isa = PBXFileReference; lastKnownFileType = sourcecode.swift; path = Arc.swift; sourceTree = "<group>"; };
		ACC23BAB242D36DE006A38EC /* TimePickerView.swift */ = {isa = PBXFileReference; lastKnownFileType = sourcecode.swift; path = TimePickerView.swift; sourceTree = "<group>"; };
/* End PBXFileReference section */

/* Begin PBXFrameworksBuildPhase section */
		AC8510882418DC0C0083F4AC /* Frameworks */ = {
			isa = PBXFrameworksBuildPhase;
			buildActionMask = 2147483647;
			files = (
			);
			runOnlyForDeploymentPostprocessing = 0;
		};
/* End PBXFrameworksBuildPhase section */

/* Begin PBXGroup section */
		AC8510822418DC0C0083F4AC = {
			isa = PBXGroup;
			children = (
				AC85108D2418DC0C0083F4AC /* TimeTracker */,
				AC85108C2418DC0C0083F4AC /* Products */,
			);
			sourceTree = "<group>";
		};
		AC85108C2418DC0C0083F4AC /* Products */ = {
			isa = PBXGroup;
			children = (
				AC85108B2418DC0C0083F4AC /* TimeTracker.app */,
			);
			name = Products;
			sourceTree = "<group>";
		};
		AC85108D2418DC0C0083F4AC /* TimeTracker */ = {
			isa = PBXGroup;
			children = (
				AC8510A52418F26C0083F4AC /* Workday+CoreDataClass.swift */,
				AC8510A62418F26C0083F4AC /* Workday+CoreDataProperties.swift */,
				AC85108E2418DC0C0083F4AC /* AppDelegate.swift */,
				AC8510902418DC0C0083F4AC /* SceneDelegate.swift */,
				AC8510952418DC0C0083F4AC /* ContentView.swift */,
				ACB67942241A399E0037B75F /* TodayTimeView.swift */,
				ACB67944241C121D0037B75F /* Arc.swift */,
				ACB6791A24194E160037B75F /* SetTimeView.swift */,
				ACC23BAB242D36DE006A38EC /* TimePickerView.swift */,
				AC8510A9241911420083F4AC /* WorkdaysView.swift */,
				ACB6793C241A08870037B75F /* ButtonStyles.swift */,
				ACB67940241A08F50037B75F /* LinearGradient+Extensions.swift */,
				ACB6793E241A08C70037B75F /* Color+Extensions.swift */,
				AC8510AB24191E850083F4AC /* WorkdayCardView.swift */,
				AC8510AD24191FD50083F4AC /* Date+Extension.swift */,
				AC8510972418DC0E0083F4AC /* Assets.xcassets */,
				AC85109C2418DC0E0083F4AC /* LaunchScreen.storyboard */,
				AC85109F2418DC0E0083F4AC /* Info.plist */,
				AC8510922418DC0C0083F4AC /* TimeTracker.xcdatamodeld */,
				AC8510992418DC0E0083F4AC /* Preview Content */,
			);
			path = TimeTracker;
			sourceTree = "<group>";
		};
		AC8510992418DC0E0083F4AC /* Preview Content */ = {
			isa = PBXGroup;
			children = (
				AC85109A2418DC0E0083F4AC /* Preview Assets.xcassets */,
			);
			path = "Preview Content";
			sourceTree = "<group>";
		};
/* End PBXGroup section */

/* Begin PBXNativeTarget section */
		AC85108A2418DC0C0083F4AC /* TimeTracker */ = {
			isa = PBXNativeTarget;
			buildConfigurationList = AC8510A22418DC0E0083F4AC /* Build configuration list for PBXNativeTarget "TimeTracker" */;
			buildPhases = (
				AC8510872418DC0C0083F4AC /* Sources */,
				AC8510882418DC0C0083F4AC /* Frameworks */,
				AC8510892418DC0C0083F4AC /* Resources */,
			);
			buildRules = (
			);
			dependencies = (
			);
			name = TimeTracker;
			productName = TimeTracker;
			productReference = AC85108B2418DC0C0083F4AC /* TimeTracker.app */;
			productType = "com.apple.product-type.application";
		};
/* End PBXNativeTarget section */

/* Begin PBXProject section */
		AC8510832418DC0C0083F4AC /* Project object */ = {
			isa = PBXProject;
			attributes = {
				LastSwiftUpdateCheck = 1130;
				LastUpgradeCheck = 1130;
				ORGANIZATIONNAME = "Stefan Blos";
				TargetAttributes = {
					AC85108A2418DC0C0083F4AC = {
						CreatedOnToolsVersion = 11.3.1;
					};
				};
			};
			buildConfigurationList = AC8510862418DC0C0083F4AC /* Build configuration list for PBXProject "TimeTracker" */;
			compatibilityVersion = "Xcode 9.3";
			developmentRegion = en;
			hasScannedForEncodings = 0;
			knownRegions = (
				en,
				Base,
			);
			mainGroup = AC8510822418DC0C0083F4AC;
			productRefGroup = AC85108C2418DC0C0083F4AC /* Products */;
			projectDirPath = "";
			projectRoot = "";
			targets = (
				AC85108A2418DC0C0083F4AC /* TimeTracker */,
			);
		};
/* End PBXProject section */

/* Begin PBXResourcesBuildPhase section */
		AC8510892418DC0C0083F4AC /* Resources */ = {
			isa = PBXResourcesBuildPhase;
			buildActionMask = 2147483647;
			files = (
				AC85109E2418DC0E0083F4AC /* LaunchScreen.storyboard in Resources */,
				AC85109B2418DC0E0083F4AC /* Preview Assets.xcassets in Resources */,
				AC8510982418DC0E0083F4AC /* Assets.xcassets in Resources */,
			);
			runOnlyForDeploymentPostprocessing = 0;
		};
/* End PBXResourcesBuildPhase section */

/* Begin PBXSourcesBuildPhase section */
		AC8510872418DC0C0083F4AC /* Sources */ = {
			isa = PBXSourcesBuildPhase;
			buildActionMask = 2147483647;
			files = (
				ACB67941241A08F50037B75F /* LinearGradient+Extensions.swift in Sources */,
				ACB6793D241A08870037B75F /* ButtonStyles.swift in Sources */,
				ACB67945241C121D0037B75F /* Arc.swift in Sources */,
				AC85108F2418DC0C0083F4AC /* AppDelegate.swift in Sources */,
				AC8510912418DC0C0083F4AC /* SceneDelegate.swift in Sources */,
				AC8510A82418F26C0083F4AC /* Workday+CoreDataProperties.swift in Sources */,
				AC8510AA241911420083F4AC /* WorkdaysView.swift in Sources */,
				ACC23BAC242D36DE006A38EC /* TimePickerView.swift in Sources */,
				AC8510962418DC0C0083F4AC /* ContentView.swift in Sources */,
				AC8510A72418F26C0083F4AC /* Workday+CoreDataClass.swift in Sources */,
				AC8510AC24191E850083F4AC /* WorkdayCardView.swift in Sources */,
				AC8510942418DC0C0083F4AC /* TimeTracker.xcdatamodeld in Sources */,
				ACB6791B24194E160037B75F /* SetTimeView.swift in Sources */,
				ACB67943241A399E0037B75F /* TodayTimeView.swift in Sources */,
				AC8510AE24191FD50083F4AC /* Date+Extension.swift in Sources */,
				ACB6793F241A08C70037B75F /* Color+Extensions.swift in Sources */,
			);
			runOnlyForDeploymentPostprocessing = 0;
		};
/* End PBXSourcesBuildPhase section */

/* Begin PBXVariantGroup section */
		AC85109C2418DC0E0083F4AC /* LaunchScreen.storyboard */ = {
			isa = PBXVariantGroup;
			children = (
				AC85109D2418DC0E0083F4AC /* Base */,
			);
			name = LaunchScreen.storyboard;
			sourceTree = "<group>";
		};
/* End PBXVariantGroup section */

/* Begin XCBuildConfiguration section */
		AC8510A02418DC0E0083F4AC /* Debug */ = {
			isa = XCBuildConfiguration;
			buildSettings = {
				ALWAYS_SEARCH_USER_PATHS = NO;
				CLANG_ANALYZER_NONNULL = YES;
				CLANG_ANALYZER_NUMBER_OBJECT_CONVERSION = YES_AGGRESSIVE;
				CLANG_CXX_LANGUAGE_STANDARD = "gnu++14";
				CLANG_CXX_LIBRARY = "libc++";
				CLANG_ENABLE_MODULES = YES;
				CLANG_ENABLE_OBJC_ARC = YES;
				CLANG_ENABLE_OBJC_WEAK = YES;
				CLANG_WARN_BLOCK_CAPTURE_AUTORELEASING = YES;
				CLANG_WARN_BOOL_CONVERSION = YES;
				CLANG_WARN_COMMA = YES;
				CLANG_WARN_CONSTANT_CONVERSION = YES;
				CLANG_WARN_DEPRECATED_OBJC_IMPLEMENTATIONS = YES;
				CLANG_WARN_DIRECT_OBJC_ISA_USAGE = YES_ERROR;
				CLANG_WARN_DOCUMENTATION_COMMENTS = YES;
				CLANG_WARN_EMPTY_BODY = YES;
				CLANG_WARN_ENUM_CONVERSION = YES;
				CLANG_WARN_INFINITE_RECURSION = YES;
				CLANG_WARN_INT_CONVERSION = YES;
				CLANG_WARN_NON_LITERAL_NULL_CONVERSION = YES;
				CLANG_WARN_OBJC_IMPLICIT_RETAIN_SELF = YES;
				CLANG_WARN_OBJC_LITERAL_CONVERSION = YES;
				CLANG_WARN_OBJC_ROOT_CLASS = YES_ERROR;
				CLANG_WARN_RANGE_LOOP_ANALYSIS = YES;
				CLANG_WARN_STRICT_PROTOTYPES = YES;
				CLANG_WARN_SUSPICIOUS_MOVE = YES;
				CLANG_WARN_UNGUARDED_AVAILABILITY = YES_AGGRESSIVE;
				CLANG_WARN_UNREACHABLE_CODE = YES;
				CLANG_WARN__DUPLICATE_METHOD_MATCH = YES;
				COPY_PHASE_STRIP = NO;
				DEBUG_INFORMATION_FORMAT = dwarf;
				ENABLE_STRICT_OBJC_MSGSEND = YES;
				ENABLE_TESTABILITY = YES;
				GCC_C_LANGUAGE_STANDARD = gnu11;
				GCC_DYNAMIC_NO_PIC = NO;
				GCC_NO_COMMON_BLOCKS = YES;
				GCC_OPTIMIZATION_LEVEL = 0;
				GCC_PREPROCESSOR_DEFINITIONS = (
					"DEBUG=1",
					"$(inherited)",
				);
				GCC_WARN_64_TO_32_BIT_CONVERSION = YES;
				GCC_WARN_ABOUT_RETURN_TYPE = YES_ERROR;
				GCC_WARN_UNDECLARED_SELECTOR = YES;
				GCC_WARN_UNINITIALIZED_AUTOS = YES_AGGRESSIVE;
				GCC_WARN_UNUSED_FUNCTION = YES;
				GCC_WARN_UNUSED_VARIABLE = YES;
				IPHONEOS_DEPLOYMENT_TARGET = 13.2;
				MTL_ENABLE_DEBUG_INFO = INCLUDE_SOURCE;
				MTL_FAST_MATH = YES;
				ONLY_ACTIVE_ARCH = YES;
				SDKROOT = iphoneos;
				SWIFT_ACTIVE_COMPILATION_CONDITIONS = DEBUG;
				SWIFT_OPTIMIZATION_LEVEL = "-Onone";
			};
			name = Debug;
		};
		AC8510A12418DC0E0083F4AC /* Release */ = {
			isa = XCBuildConfiguration;
			buildSettings = {
				ALWAYS_SEARCH_USER_PATHS = NO;
				CLANG_ANALYZER_NONNULL = YES;
				CLANG_ANALYZER_NUMBER_OBJECT_CONVERSION = YES_AGGRESSIVE;
				CLANG_CXX_LANGUAGE_STANDARD = "gnu++14";
				CLANG_CXX_LIBRARY = "libc++";
				CLANG_ENABLE_MODULES = YES;
				CLANG_ENABLE_OBJC_ARC = YES;
				CLANG_ENABLE_OBJC_WEAK = YES;
				CLANG_WARN_BLOCK_CAPTURE_AUTORELEASING = YES;
				CLANG_WARN_BOOL_CONVERSION = YES;
				CLANG_WARN_COMMA = YES;
				CLANG_WARN_CONSTANT_CONVERSION = YES;
				CLANG_WARN_DEPRECATED_OBJC_IMPLEMENTATIONS = YES;
				CLANG_WARN_DIRECT_OBJC_ISA_USAGE = YES_ERROR;
				CLANG_WARN_DOCUMENTATION_COMMENTS = YES;
				CLANG_WARN_EMPTY_BODY = YES;
				CLANG_WARN_ENUM_CONVERSION = YES;
				CLANG_WARN_INFINITE_RECURSION = YES;
				CLANG_WARN_INT_CONVERSION = YES;
				CLANG_WARN_NON_LITERAL_NULL_CONVERSION = YES;
				CLANG_WARN_OBJC_IMPLICIT_RETAIN_SELF = YES;
				CLANG_WARN_OBJC_LITERAL_CONVERSION = YES;
				CLANG_WARN_OBJC_ROOT_CLASS = YES_ERROR;
				CLANG_WARN_RANGE_LOOP_ANALYSIS = YES;
				CLANG_WARN_STRICT_PROTOTYPES = YES;
				CLANG_WARN_SUSPICIOUS_MOVE = YES;
				CLANG_WARN_UNGUARDED_AVAILABILITY = YES_AGGRESSIVE;
				CLANG_WARN_UNREACHABLE_CODE = YES;
				CLANG_WARN__DUPLICATE_METHOD_MATCH = YES;
				COPY_PHASE_STRIP = NO;
				DEBUG_INFORMATION_FORMAT = "dwarf-with-dsym";
				ENABLE_NS_ASSERTIONS = NO;
				ENABLE_STRICT_OBJC_MSGSEND = YES;
				GCC_C_LANGUAGE_STANDARD = gnu11;
				GCC_NO_COMMON_BLOCKS = YES;
				GCC_WARN_64_TO_32_BIT_CONVERSION = YES;
				GCC_WARN_ABOUT_RETURN_TYPE = YES_ERROR;
				GCC_WARN_UNDECLARED_SELECTOR = YES;
				GCC_WARN_UNINITIALIZED_AUTOS = YES_AGGRESSIVE;
				GCC_WARN_UNUSED_FUNCTION = YES;
				GCC_WARN_UNUSED_VARIABLE = YES;
				IPHONEOS_DEPLOYMENT_TARGET = 13.2;
				MTL_ENABLE_DEBUG_INFO = NO;
				MTL_FAST_MATH = YES;
				SDKROOT = iphoneos;
				SWIFT_COMPILATION_MODE = wholemodule;
				SWIFT_OPTIMIZATION_LEVEL = "-O";
				VALIDATE_PRODUCT = YES;
			};
			name = Release;
		};
		AC8510A32418DC0E0083F4AC /* Debug */ = {
			isa = XCBuildConfiguration;
			buildSettings = {
				ASSETCATALOG_COMPILER_APPICON_NAME = AppIcon;
				CODE_SIGN_STYLE = Automatic;
				DEVELOPMENT_ASSET_PATHS = "\"TimeTracker/Preview Content\"";
				DEVELOPMENT_TEAM = JY49624W8T;
				ENABLE_PREVIEWS = YES;
				INFOPLIST_FILE = TimeTracker/Info.plist;
				LD_RUNPATH_SEARCH_PATHS = (
					"$(inherited)",
					"@executable_path/Frameworks",
				);
				PRODUCT_BUNDLE_IDENTIFIER = dev.stefanblos.TimeTracker;
				PRODUCT_NAME = "$(TARGET_NAME)";
				SWIFT_VERSION = 5.0;
				TARGETED_DEVICE_FAMILY = "1,2";
			};
			name = Debug;
		};
		AC8510A42418DC0E0083F4AC /* Release */ = {
			isa = XCBuildConfiguration;
			buildSettings = {
				ASSETCATALOG_COMPILER_APPICON_NAME = AppIcon;
				CODE_SIGN_STYLE = Automatic;
				DEVELOPMENT_ASSET_PATHS = "\"TimeTracker/Preview Content\"";
				DEVELOPMENT_TEAM = JY49624W8T;
				ENABLE_PREVIEWS = YES;
				INFOPLIST_FILE = TimeTracker/Info.plist;
				LD_RUNPATH_SEARCH_PATHS = (
					"$(inherited)",
					"@executable_path/Frameworks",
				);
				PRODUCT_BUNDLE_IDENTIFIER = dev.stefanblos.TimeTracker;
				PRODUCT_NAME = "$(TARGET_NAME)";
				SWIFT_VERSION = 5.0;
				TARGETED_DEVICE_FAMILY = "1,2";
			};
			name = Release;
		};
/* End XCBuildConfiguration section */

/* Begin XCConfigurationList section */
		AC8510862418DC0C0083F4AC /* Build configuration list for PBXProject "TimeTracker" */ = {
			isa = XCConfigurationList;
			buildConfigurations = (
				AC8510A02418DC0E0083F4AC /* Debug */,
				AC8510A12418DC0E0083F4AC /* Release */,
			);
			defaultConfigurationIsVisible = 0;
			defaultConfigurationName = Release;
		};
		AC8510A22418DC0E0083F4AC /* Build configuration list for PBXNativeTarget "TimeTracker" */ = {
			isa = XCConfigurationList;
			buildConfigurations = (
				AC8510A32418DC0E0083F4AC /* Debug */,
				AC8510A42418DC0E0083F4AC /* Release */,
			);
			defaultConfigurationIsVisible = 0;
			defaultConfigurationName = Release;
		};
/* End XCConfigurationList section */

/* Begin XCVersionGroup section */
		AC8510922418DC0C0083F4AC /* TimeTracker.xcdatamodeld */ = {
			isa = XCVersionGroup;
			children = (
				AC8510932418DC0C0083F4AC /* TimeTracker.xcdatamodel */,
			);
			currentVersion = AC8510932418DC0C0083F4AC /* TimeTracker.xcdatamodel */;
			path = TimeTracker.xcdatamodeld;
			sourceTree = "<group>";
			versionGroupType = wrapper.xcdatamodel;
		};
/* End XCVersionGroup section */
	};
	rootObject = AC8510832418DC0C0083F4AC /* Project object */;
}
